
Microsoft Visual Studio Solution File, Format Version 12.00
# Visual Studio Version 17
VisualStudioVersion = 17.13.35806.99 d17.13
MinimumVisualStudioVersion = 10.0.40219.1
Project("{FAE04EC0-301F-11D3-BF4B-00C04F79EFBC}") = "ConsoleApp1", "ConsoleApp1\ConsoleApp1.csproj", "{00CEFC09-CEEC-4B8F-B882-7CA8ACF8C628}"
EndProject
Global
	GlobalSection(SolutionConfigurationPlatforms) = preSolution
		Debug|Any CPU = Debug|Any CPU
		Release|Any CPU = Release|Any CPU
	EndGlobalSection
	GlobalSection(ProjectConfigurationPlatforms) = postSolution
		{00CEFC09-CEEC-4B8F-B882-7CA8ACF8C628}.Debug|Any CPU.ActiveCfg = Debug|Any CPU
		{00CEFC09-CEEC-4B8F-B882-7CA8ACF8C628}.Debug|Any CPU.Build.0 = Debug|Any CPU
		{00CEFC09-CEEC-4B8F-B882-7CA8ACF8C628}.Release|Any CPU.ActiveCfg = Release|Any CPU
		{00CEFC09-CEEC-4B8F-B882-7CA8ACF8C628}.Release|Any CPU.Build.0 = Release|Any CPU
	EndGlobalSection
	GlobalSection(SolutionProperties) = preSolution
		HideSolutionNode = FALSE
	EndGlobalSection
	GlobalSection(ExtensibilityGlobals) = postSolution
		SolutionGuid = {8DE02D97-0979-4BF4-9AD1-EFAE8E6CFA43}
	EndGlobalSection
EndGlobal
